github.com/davecgh/go-spew v1.1.1 h1:vj9j/u1bqnvCEfJOwUhtlOARqs3+rkHYY13jYWTU97c=
github.com/davecgh/go-spew v1.1.1/go.mod h1:J7Y8YcW2NihsgmVo/mv3lAwl/skON4iLHjSsI+c5H38=
github.com/joomcode/errorx v1.1.1 h1:/LFG/qSk1gUTuZjs+qlyOJEpcVjD9DXgBNFhdZkQrjY=
github.com/joomcode/errorx v1.1.1/go.mod h1:eQzdtdlNyN7etw6YCS4W4+lu442waxZYw5yvz0ULrRo=
github.com/pericles-tpt/rterror v0.0.0-20240125235143-127c24023b40 h1:P9NYODbRNcWcVf1bKcl64erGBv6fAiVV1oUrpi3n1HE=
github.com/pericles-tpt/rterror v0.0.0-20240125235143-127c24023b40/go.mod h1:+6Jjk/R4W9HAU5I1Ky50QslzN2V+NzudzuU8gpaDTm4=
github.com/pericles-tpt/rterror v0.0.0-20240125235947-02a0a1aaaf0f h1:lL+IyjToXeCe7ArQBrrnGCnGMboxjN91F8UEmVLn5VI=
github.com/pericles-tpt/rterror v0.0.0-20240125235947-02a0a1aaaf0f/go.mod h1:+6Jjk/R4W9HAU5I1Ky50QslzN2V+NzudzuU8gpaDTm4=
github.com/pericles-tpt/utilities v0.0.0-20240125234659-27257af8cfbf h1:q4kRJjza4RF6yxsDgioOmM/sCi4lW9OXmCHNr+Lq3As=
github.com/pericles-tpt/utilities v0.0.0-20240125234659-27257af8cfbf/go.mod h1:EPuObiGgugIMoWUp/vbsqesmj3kHAlIlV1nkmIgF40Q=
github.com/pericles-tpt/utilities v0.0.0-20240125234947-ac9241f763ea h1:YeU0O/YEjSQgqm91+hYzmhAV5/RAakKdecRbC9iETHw=
github.com/pericles-tpt/utilities v0.0.0-20240125234947-ac9241f763ea/go.mod h1:EPuObiGgugIMoWUp/vbsqesmj3kHAlIlV1nkmIgF40Q=
github.com/pmezard/go-difflib v1.0.0 h1:4DBwDE0NGyQoBHbLQYPwSUPoCMWR5BEzIk/f1lZbAQM=
github.com/pmezard/go-difflib v1.0.0/go.mod h1:iKH77koFhYxTK1pcRnkKkqfTogsbg7gZNVY4sRDYZ/4=
github.com/stretchr/testify v1.2.2 h1:bSDNvY7ZPG5RlJ8otE/7V6gMiyenm9RtJ7IUVIAoJ1w=
github.com/stretchr/testify v1.2.2/go.mod h1:a8OnRcib4nhh0OaRAV+Yts87kKdq0PP7pXfy6kDkUVs=
